// !$*UTF8*$!
{
	archiveVersion = 1;
	classes = {
	};
	objectVersion = 51;
	objects = {

/* Begin PBXBuildFile section */
		23B84F2723C7124300EA8FB4 /* SJProject.xcconfig in Resources */ = {isa = PBXBuildFile; fileRef = 23B84F2623C7124300EA8FB4 /* SJProject.xcconfig */; };
		23EC36D023C5D4B100185C14 /* AppDelegate.m in Sources */ = {isa = PBXBuildFile; fileRef = 23EC36CF23C5D4B100185C14 /* AppDelegate.m */; };
		23EC36D323C5D4B100185C14 /* SceneDelegate.m in Sources */ = {isa = PBXBuildFile; fileRef = 23EC36D223C5D4B100185C14 /* SceneDelegate.m */; };
		23EC36D623C5D4B100185C14 /* ViewController.m in Sources */ = {isa = PBXBuildFile; fileRef = 23EC36D523C5D4B100185C14 /* ViewController.m */; };
		23EC36D923C5D4B100185C14 /* Main.storyboard in Resources */ = {isa = PBXBuildFile; fileRef = 23EC36D723C5D4B100185C14 /* Main.storyboard */; };
		23EC36DB23C5D4B200185C14 /* Assets.xcassets in Resources */ = {isa = PBXBuildFile; fileRef = 23EC36DA23C5D4B200185C14 /* Assets.xcassets */; };
		23EC36DE23C5D4B200185C14 /* LaunchScreen.storyboard in Resources */ = {isa = PBXBuildFile; fileRef = 23EC36DC23C5D4B200185C14 /* LaunchScreen.storyboard */; };
		23EC36E123C5D4B200185C14 /* main.m in Sources */ = {isa = PBXBuildFile; fileRef = 23EC36E023C5D4B200185C14 /* main.m */; };
		23EC36EB23C5D4B200185C14 /* SJProjectTests.m in Sources */ = {isa = PBXBuildFile; fileRef = 23EC36EA23C5D4B200185C14 /* SJProjectTests.m */; };
		23EC36F623C5D4B200185C14 /* SJProjectUITests.m in Sources */ = {isa = PBXBuildFile; fileRef = 23EC36F523C5D4B200185C14 /* SJProjectUITests.m */; };
		26F0653F1AAF4EBA3D619ABB /* Pods_SJProject_SJProjectUITests.framework in Frameworks */ = {isa = PBXBuildFile; fileRef = 3BE833FFD030089CF11B8F90 /* Pods_SJProject_SJProjectUITests.framework */; };
		2D06B9D4145E7CB078E5323E /* Pods_SJProject.framework in Frameworks */ = {isa = PBXBuildFile; fileRef = 6593AA5B18020409334872C1 /* Pods_SJProject.framework */; };
		A88B7A11B0F78B6B1D3F630B /* Pods_SJProjectTests.framework in Frameworks */ = {isa = PBXBuildFile; fileRef = F4B775ADC8217E2FDB70FAD6 /* Pods_SJProjectTests.framework */; };
/* End PBXBuildFile section */

/* Begin PBXContainerItemProxy section */
		23B84EF223C6CE8800EA8FB4 /* PBXContainerItemProxy */ = {
			isa = PBXContainerItemProxy;
			containerPortal = 23B84EE923C6CE8700EA8FB4 /* SJSDK.xcodeproj */;
			proxyType = 2;
			remoteGlobalIDString = 23B84ECF23C6CE0C00EA8FB4;
			remoteInfo = SJSDK;
		};
		23B84EF423C6CE8800EA8FB4 /* PBXContainerItemProxy */ = {
			isa = PBXContainerItemProxy;
			containerPortal = 23B84EE923C6CE8700EA8FB4 /* SJSDK.xcodeproj */;
			proxyType = 2;
			remoteGlobalIDString = 23B84ED823C6CE0C00EA8FB4;
			remoteInfo = SJSDKTests;
		};
		23EC36E723C5D4B200185C14 /* PBXContainerItemProxy */ = {
			isa = PBXContainerItemProxy;
			containerPortal = 23EC36C323C5D4B100185C14 /* Project object */;
			proxyType = 1;
			remoteGlobalIDString = 23EC36CA23C5D4B100185C14;
			remoteInfo = SJProject;
		};
		23EC36F223C5D4B200185C14 /* PBXContainerItemProxy */ = {
			isa = PBXContainerItemProxy;
			containerPortal = 23EC36C323C5D4B100185C14 /* Project object */;
			proxyType = 1;
			remoteGlobalIDString = 23EC36CA23C5D4B100185C14;
			remoteInfo = SJProject;
		};
/* End PBXContainerItemProxy section */

/* Begin PBXFileReference section */
		0CC44367302482386EE0F7BB /* Pods-SJProject.bate.xcconfig */ = {isa = PBXFileReference; includeInIndex = 1; lastKnownFileType = text.xcconfig; name = "Pods-SJProject.bate.xcconfig"; path = "Target Support Files/Pods-SJProject/Pods-SJProject.bate.xcconfig"; sourceTree = "<group>"; };
		13BE7294CCA1926F5A9B734D /* Pods-SJProject-SJProjectUITests.release.xcconfig */ = {isa = PBXFileReference; includeInIndex = 1; lastKnownFileType = text.xcconfig; name = "Pods-SJProject-SJProjectUITests.release.xcconfig"; path = "Target Support Files/Pods-SJProject-SJProjectUITests/Pods-SJProject-SJProjectUITests.release.xcconfig"; sourceTree = "<group>"; };
		23B84EE923C6CE8700EA8FB4 /* SJSDK.xcodeproj */ = {isa = PBXFileReference; lastKnownFileType = "wrapper.pb-project"; name = SJSDK.xcodeproj; path = SJSDK/SJSDK.xcodeproj; sourceTree = "<group>"; };
		23B84F2623C7124300EA8FB4 /* SJProject.xcconfig */ = {isa = PBXFileReference; lastKnownFileType = text.xcconfig; path = SJProject.xcconfig; sourceTree = "<group>"; };
		23EC36CB23C5D4B100185C14 /* SJProject.app */ = {isa = PBXFileReference; explicitFileType = wrapper.application; includeInIndex = 0; path = SJProject.app; sourceTree = BUILT_PRODUCTS_DIR; };
		23EC36CE23C5D4B100185C14 /* AppDelegate.h */ = {isa = PBXFileReference; lastKnownFileType = sourcecode.c.h; path = AppDelegate.h; sourceTree = "<group>"; };
		23EC36CF23C5D4B100185C14 /* AppDelegate.m */ = {isa = PBXFileReference; lastKnownFileType = sourcecode.c.objc; path = AppDelegate.m; sourceTree = "<group>"; };
		23EC36D123C5D4B100185C14 /* SceneDelegate.h */ = {isa = PBXFileReference; lastKnownFileType = sourcecode.c.h; path = SceneDelegate.h; sourceTree = "<group>"; };
		23EC36D223C5D4B100185C14 /* SceneDelegate.m */ = {isa = PBXFileReference; lastKnownFileType = sourcecode.c.objc; path = SceneDelegate.m; sourceTree = "<group>"; };
		23EC36D423C5D4B100185C14 /* ViewController.h */ = {isa = PBXFileReference; lastKnownFileType = sourcecode.c.h; path = ViewController.h; sourceTree = "<group>"; };
		23EC36D523C5D4B100185C14 /* ViewController.m */ = {isa = PBXFileReference; lastKnownFileType = sourcecode.c.objc; path = ViewController.m; sourceTree = "<group>"; };
		23EC36D823C5D4B100185C14 /* Base */ = {isa = PBXFileReference; lastKnownFileType = file.storyboard; name = Base; path = Base.lproj/Main.storyboard; sourceTree = "<group>"; };
		23EC36DA23C5D4B200185C14 /* Assets.xcassets */ = {isa = PBXFileReference; lastKnownFileType = folder.assetcatalog; path = Assets.xcassets; sourceTree = "<group>"; };
		23EC36DD23C5D4B200185C14 /* Base */ = {isa = PBXFileReference; lastKnownFileType = file.storyboard; name = Base; path = Base.lproj/LaunchScreen.storyboard; sourceTree = "<group>"; };
		23EC36DF23C5D4B200185C14 /* Info.plist */ = {isa = PBXFileReference; lastKnownFileType = text.plist.xml; path = Info.plist; sourceTree = "<group>"; };
		23EC36E023C5D4B200185C14 /* main.m */ = {isa = PBXFileReference; lastKnownFileType = sourcecode.c.objc; path = main.m; sourceTree = "<group>"; };
		23EC36E623C5D4B200185C14 /* SJProjectTests.xctest */ = {isa = PBXFileReference; explicitFileType = wrapper.cfbundle; includeInIndex = 0; path = SJProjectTests.xctest; sourceTree = BUILT_PRODUCTS_DIR; };
		23EC36EA23C5D4B200185C14 /* SJProjectTests.m */ = {isa = PBXFileReference; lastKnownFileType = sourcecode.c.objc; path = SJProjectTests.m; sourceTree = "<group>"; };
		23EC36EC23C5D4B200185C14 /* Info.plist */ = {isa = PBXFileReference; lastKnownFileType = text.plist.xml; path = Info.plist; sourceTree = "<group>"; };
		23EC36F123C5D4B200185C14 /* SJProjectUITests.xctest */ = {isa = PBXFileReference; explicitFileType = wrapper.cfbundle; includeInIndex = 0; path = SJProjectUITests.xctest; sourceTree = BUILT_PRODUCTS_DIR; };
		23EC36F523C5D4B200185C14 /* SJProjectUITests.m */ = {isa = PBXFileReference; lastKnownFileType = sourcecode.c.objc; path = SJProjectUITests.m; sourceTree = "<group>"; };
		23EC36F723C5D4B200185C14 /* Info.plist */ = {isa = PBXFileReference; lastKnownFileType = text.plist.xml; path = Info.plist; sourceTree = "<group>"; };
		3BE833FFD030089CF11B8F90 /* Pods_SJProject_SJProjectUITests.framework */ = {isa = PBXFileReference; explicitFileType = wrapper.framework; includeInIndex = 0; path = Pods_SJProject_SJProjectUITests.framework; sourceTree = BUILT_PRODUCTS_DIR; };
		48D30D05C5271483BF218460 /* Pods-SJProject.release.xcconfig */ = {isa = PBXFileReference; includeInIndex = 1; lastKnownFileType = text.xcconfig; name = "Pods-SJProject.release.xcconfig"; path = "Target Support Files/Pods-SJProject/Pods-SJProject.release.xcconfig"; sourceTree = "<group>"; };
		6593AA5B18020409334872C1 /* Pods_SJProject.framework */ = {isa = PBXFileReference; explicitFileType = wrapper.framework; includeInIndex = 0; path = Pods_SJProject.framework; sourceTree = BUILT_PRODUCTS_DIR; };
		7520EE39B376F1917B9AB6C3 /* Pods-SJProject.debug.xcconfig */ = {isa = PBXFileReference; includeInIndex = 1; lastKnownFileType = text.xcconfig; name = "Pods-SJProject.debug.xcconfig"; path = "Target Support Files/Pods-SJProject/Pods-SJProject.debug.xcconfig"; sourceTree = "<group>"; };
		8B6BF1540F07C54A5130FF98 /* Pods-SJProject-SJProjectUITests.bate.xcconfig */ = {isa = PBXFileReference; includeInIndex = 1; lastKnownFileType = text.xcconfig; name = "Pods-SJProject-SJProjectUITests.bate.xcconfig"; path = "Target Support Files/Pods-SJProject-SJProjectUITests/Pods-SJProject-SJProjectUITests.bate.xcconfig"; sourceTree = "<group>"; };
		BCD571109B4FB6A824363084 /* Pods-SJProject-SJProjectUITests.debug.xcconfig */ = {isa = PBXFileReference; includeInIndex = 1; lastKnownFileType = text.xcconfig; name = "Pods-SJProject-SJProjectUITests.debug.xcconfig"; path = "Target Support Files/Pods-SJProject-SJProjectUITests/Pods-SJProject-SJProjectUITests.debug.xcconfig"; sourceTree = "<group>"; };
		C68CEC15D42496B910ADEC36 /* Pods-SJProjectTests.bate.xcconfig */ = {isa = PBXFileReference; includeInIndex = 1; lastKnownFileType = text.xcconfig; name = "Pods-SJProjectTests.bate.xcconfig"; path = "Target Support Files/Pods-SJProjectTests/Pods-SJProjectTests.bate.xcconfig"; sourceTree = "<group>"; };
		EAED69A8AA1DEA6C774F79E0 /* Pods-SJProjectTests.release.xcconfig */ = {isa = PBXFileReference; includeInIndex = 1; lastKnownFileType = text.xcconfig; name = "Pods-SJProjectTests.release.xcconfig"; path = "Target Support Files/Pods-SJProjectTests/Pods-SJProjectTests.release.xcconfig"; sourceTree = "<group>"; };
		F4B775ADC8217E2FDB70FAD6 /* Pods_SJProjectTests.framework */ = {isa = PBXFileReference; explicitFileType = wrapper.framework; includeInIndex = 0; path = Pods_SJProjectTests.framework; sourceTree = BUILT_PRODUCTS_DIR; };
		FBA0C1443D7EEC6E4A4F86E1 /* Pods-SJProjectTests.debug.xcconfig */ = {isa = PBXFileReference; includeInIndex = 1; lastKnownFileType = text.xcconfig; name = "Pods-SJProjectTests.debug.xcconfig"; path = "Target Support Files/Pods-SJProjectTests/Pods-SJProjectTests.debug.xcconfig"; sourceTree = "<group>"; };
/* End PBXFileReference section */

/* Begin PBXFrameworksBuildPhase section */
		23EC36C823C5D4B100185C14 /* Frameworks */ = {
			isa = PBXFrameworksBuildPhase;
			buildActionMask = 2147483647;
			files = (
				2D06B9D4145E7CB078E5323E /* Pods_SJProject.framework in Frameworks */,
			);
			runOnlyForDeploymentPostprocessing = 0;
		};
		23EC36E323C5D4B200185C14 /* Frameworks */ = {
			isa = PBXFrameworksBuildPhase;
			buildActionMask = 2147483647;
			files = (
				A88B7A11B0F78B6B1D3F630B /* Pods_SJProjectTests.framework in Frameworks */,
			);
			runOnlyForDeploymentPostprocessing = 0;
		};
		23EC36EE23C5D4B200185C14 /* Frameworks */ = {
			isa = PBXFrameworksBuildPhase;
			buildActionMask = 2147483647;
			files = (
				26F0653F1AAF4EBA3D619ABB /* Pods_SJProject_SJProjectUITests.framework in Frameworks */,
			);
			runOnlyForDeploymentPostprocessing = 0;
		};
/* End PBXFrameworksBuildPhase section */

/* Begin PBXGroup section */
		20EF28E50AD1A494B416F4B2 /* Pods */ = {
			isa = PBXGroup;
			children = (
				7520EE39B376F1917B9AB6C3 /* Pods-SJProject.debug.xcconfig */,
				48D30D05C5271483BF218460 /* Pods-SJProject.release.xcconfig */,
				BCD571109B4FB6A824363084 /* Pods-SJProject-SJProjectUITests.debug.xcconfig */,
				13BE7294CCA1926F5A9B734D /* Pods-SJProject-SJProjectUITests.release.xcconfig */,
				FBA0C1443D7EEC6E4A4F86E1 /* Pods-SJProjectTests.debug.xcconfig */,
				EAED69A8AA1DEA6C774F79E0 /* Pods-SJProjectTests.release.xcconfig */,
				0CC44367302482386EE0F7BB /* Pods-SJProject.bate.xcconfig */,
				8B6BF1540F07C54A5130FF98 /* Pods-SJProject-SJProjectUITests.bate.xcconfig */,
				C68CEC15D42496B910ADEC36 /* Pods-SJProjectTests.bate.xcconfig */,
			);
			path = Pods;
			sourceTree = "<group>";
		};
		23B84EEA23C6CE8700EA8FB4 /* Products */ = {
			isa = PBXGroup;
			children = (
				23B84EF323C6CE8800EA8FB4 /* SJSDK.framework */,
				23B84EF523C6CE8800EA8FB4 /* SJSDKTests.xctest */,
			);
			name = Products;
			sourceTree = "<group>";
		};
		23EC36C223C5D4B100185C14 = {
			isa = PBXGroup;
			children = (
				23B84F2623C7124300EA8FB4 /* SJProject.xcconfig */,
				23B84EE923C6CE8700EA8FB4 /* SJSDK.xcodeproj */,
				23EC36CD23C5D4B100185C14 /* SJProject */,
				23EC36E923C5D4B200185C14 /* SJProjectTests */,
				23EC36F423C5D4B200185C14 /* SJProjectUITests */,
				23EC36CC23C5D4B100185C14 /* Products */,
				23EC378323C5D66500185C14 /* Frameworks */,
				20EF28E50AD1A494B416F4B2 /* Pods */,
			);
			sourceTree = "<group>";
		};
		23EC36CC23C5D4B100185C14 /* Products */ = {
			isa = PBXGroup;
			children = (
				23EC36CB23C5D4B100185C14 /* SJProject.app */,
				23EC36E623C5D4B200185C14 /* SJProjectTests.xctest */,
				23EC36F123C5D4B200185C14 /* SJProjectUITests.xctest */,
			);
			name = Products;
			sourceTree = "<group>";
		};
		23EC36CD23C5D4B100185C14 /* SJProject */ = {
			isa = PBXGroup;
			children = (
				23EC36CE23C5D4B100185C14 /* AppDelegate.h */,
				23EC36CF23C5D4B100185C14 /* AppDelegate.m */,
				23EC36D123C5D4B100185C14 /* SceneDelegate.h */,
				23EC36D223C5D4B100185C14 /* SceneDelegate.m */,
				23EC36D423C5D4B100185C14 /* ViewController.h */,
				23EC36D523C5D4B100185C14 /* ViewController.m */,
				23EC36D723C5D4B100185C14 /* Main.storyboard */,
				23EC36DA23C5D4B200185C14 /* Assets.xcassets */,
				23EC36DC23C5D4B200185C14 /* LaunchScreen.storyboard */,
				23EC36DF23C5D4B200185C14 /* Info.plist */,
				23EC36E023C5D4B200185C14 /* main.m */,
			);
			path = SJProject;
			sourceTree = "<group>";
		};
		23EC36E923C5D4B200185C14 /* SJProjectTests */ = {
			isa = PBXGroup;
			children = (
				23EC36EA23C5D4B200185C14 /* SJProjectTests.m */,
				23EC36EC23C5D4B200185C14 /* Info.plist */,
			);
			path = SJProjectTests;
			sourceTree = "<group>";
		};
		23EC36F423C5D4B200185C14 /* SJProjectUITests */ = {
			isa = PBXGroup;
			children = (
				23EC36F523C5D4B200185C14 /* SJProjectUITests.m */,
				23EC36F723C5D4B200185C14 /* Info.plist */,
			);
			path = SJProjectUITests;
			sourceTree = "<group>";
		};
		23EC378323C5D66500185C14 /* Frameworks */ = {
			isa = PBXGroup;
			children = (
				6593AA5B18020409334872C1 /* Pods_SJProject.framework */,
				3BE833FFD030089CF11B8F90 /* Pods_SJProject_SJProjectUITests.framework */,
				F4B775ADC8217E2FDB70FAD6 /* Pods_SJProjectTests.framework */,
			);
			name = Frameworks;
			sourceTree = "<group>";
		};
/* End PBXGroup section */

/* Begin PBXNativeTarget section */
		23EC36CA23C5D4B100185C14 /* SJProject */ = {
			isa = PBXNativeTarget;
			buildConfigurationList = 23EC36FA23C5D4B200185C14 /* Build configuration list for PBXNativeTarget "SJProject" */;
			buildPhases = (
				9527731780B939F9B98AF1A9 /* [CP] Check Pods Manifest.lock */,
				23EC36C723C5D4B100185C14 /* Sources */,
				23EC36C823C5D4B100185C14 /* Frameworks */,
				23EC36C923C5D4B100185C14 /* Resources */,
				0D993DF76C7F6DF233009B4B /* [CP] Embed Pods Frameworks */,
			);
			buildRules = (
			);
			dependencies = (
			);
			name = SJProject;
			productName = SJProject;
			productReference = 23EC36CB23C5D4B100185C14 /* SJProject.app */;
			productType = "com.apple.product-type.application";
		};
		23EC36E523C5D4B200185C14 /* SJProjectTests */ = {
			isa = PBXNativeTarget;
			buildConfigurationList = 23EC36FD23C5D4B200185C14 /* Build configuration list for PBXNativeTarget "SJProjectTests" */;
			buildPhases = (
				9501BD4828B9CB75ADD6F071 /* [CP] Check Pods Manifest.lock */,
				23EC36E223C5D4B200185C14 /* Sources */,
				23EC36E323C5D4B200185C14 /* Frameworks */,
				23EC36E423C5D4B200185C14 /* Resources */,
			);
			buildRules = (
			);
			dependencies = (
				23EC36E823C5D4B200185C14 /* PBXTargetDependency */,
			);
			name = SJProjectTests;
			productName = SJProjectTests;
			productReference = 23EC36E623C5D4B200185C14 /* SJProjectTests.xctest */;
			productType = "com.apple.product-type.bundle.unit-test";
		};
		23EC36F023C5D4B200185C14 /* SJProjectUITests */ = {
			isa = PBXNativeTarget;
			buildConfigurationList = 23EC370023C5D4B200185C14 /* Build configuration list for PBXNativeTarget "SJProjectUITests" */;
			buildPhases = (
				A1843628061B7387CD741A4F /* [CP] Check Pods Manifest.lock */,
				23EC36ED23C5D4B200185C14 /* Sources */,
				23EC36EE23C5D4B200185C14 /* Frameworks */,
				23EC36EF23C5D4B200185C14 /* Resources */,
				D37F32F1CD919292476DC6DC /* [CP] Embed Pods Frameworks */,
			);
			buildRules = (
			);
			dependencies = (
				23EC36F323C5D4B200185C14 /* PBXTargetDependency */,
			);
			name = SJProjectUITests;
			productName = SJProjectUITests;
			productReference = 23EC36F123C5D4B200185C14 /* SJProjectUITests.xctest */;
			productType = "com.apple.product-type.bundle.ui-testing";
		};
/* End PBXNativeTarget section */

/* Begin PBXProject section */
		23EC36C323C5D4B100185C14 /* Project object */ = {
			isa = PBXProject;
			attributes = {
				LastUpgradeCheck = 1130;
				ORGANIZATIONNAME = "吴四军";
				TargetAttributes = {
					23EC36CA23C5D4B100185C14 = {
						CreatedOnToolsVersion = 11.3;
					};
					23EC36E523C5D4B200185C14 = {
						CreatedOnToolsVersion = 11.3;
						TestTargetID = 23EC36CA23C5D4B100185C14;
					};
					23EC36F023C5D4B200185C14 = {
						CreatedOnToolsVersion = 11.3;
						TestTargetID = 23EC36CA23C5D4B100185C14;
					};
				};
			};
			buildConfigurationList = 23EC36C623C5D4B100185C14 /* Build configuration list for PBXProject "SJProject" */;
			compatibilityVersion = "Xcode 9.3";
			developmentRegion = en;
			hasScannedForEncodings = 0;
			knownRegions = (
				en,
				Base,
			);
			mainGroup = 23EC36C223C5D4B100185C14;
			productRefGroup = 23EC36CC23C5D4B100185C14 /* Products */;
			projectDirPath = "";
			projectReferences = (
				{
					ProductGroup = 23B84EEA23C6CE8700EA8FB4 /* Products */;
					ProjectRef = 23B84EE923C6CE8700EA8FB4 /* SJSDK.xcodeproj */;
				},
			);
			projectRoot = "";
			targets = (
				23EC36CA23C5D4B100185C14 /* SJProject */,
				23EC36E523C5D4B200185C14 /* SJProjectTests */,
				23EC36F023C5D4B200185C14 /* SJProjectUITests */,
			);
		};
/* End PBXProject section */

/* Begin PBXReferenceProxy section */
		23B84EF323C6CE8800EA8FB4 /* SJSDK.framework */ = {
			isa = PBXReferenceProxy;
			fileType = wrapper.framework;
			path = SJSDK.framework;
			remoteRef = 23B84EF223C6CE8800EA8FB4 /* PBXContainerItemProxy */;
			sourceTree = BUILT_PRODUCTS_DIR;
		};
		23B84EF523C6CE8800EA8FB4 /* SJSDKTests.xctest */ = {
			isa = PBXReferenceProxy;
			fileType = wrapper.cfbundle;
			path = SJSDKTests.xctest;
			remoteRef = 23B84EF423C6CE8800EA8FB4 /* PBXContainerItemProxy */;
			sourceTree = BUILT_PRODUCTS_DIR;
		};
/* End PBXReferenceProxy section */

/* Begin PBXResourcesBuildPhase section */
		23EC36C923C5D4B100185C14 /* Resources */ = {
			isa = PBXResourcesBuildPhase;
			buildActionMask = 2147483647;
			files = (
				23EC36DE23C5D4B200185C14 /* LaunchScreen.storyboard in Resources */,
				23B84F2723C7124300EA8FB4 /* SJProject.xcconfig in Resources */,
				23EC36DB23C5D4B200185C14 /* Assets.xcassets in Resources */,
				23EC36D923C5D4B100185C14 /* Main.storyboard in Resources */,
			);
			runOnlyForDeploymentPostprocessing = 0;
		};
		23EC36E423C5D4B200185C14 /* Resources */ = {
			isa = PBXResourcesBuildPhase;
			buildActionMask = 2147483647;
			files = (
			);
			runOnlyForDeploymentPostprocessing = 0;
		};
		23EC36EF23C5D4B200185C14 /* Resources */ = {
			isa = PBXResourcesBuildPhase;
			buildActionMask = 2147483647;
			files = (
			);
			runOnlyForDeploymentPostprocessing = 0;
		};
/* End PBXResourcesBuildPhase section */

/* Begin PBXShellScriptBuildPhase section */
		0D993DF76C7F6DF233009B4B /* [CP] Embed Pods Frameworks */ = {
			isa = PBXShellScriptBuildPhase;
			buildActionMask = 2147483647;
			files = (
			);
			inputFileListPaths = (
				"${PODS_ROOT}/Target Support Files/Pods-SJProject/Pods-SJProject-frameworks-${CONFIGURATION}-input-files.xcfilelist",
			);
			name = "[CP] Embed Pods Frameworks";
			outputFileListPaths = (
				"${PODS_ROOT}/Target Support Files/Pods-SJProject/Pods-SJProject-frameworks-${CONFIGURATION}-output-files.xcfilelist",
			);
			runOnlyForDeploymentPostprocessing = 0;
			shellPath = /bin/sh;
			shellScript = "\"${PODS_ROOT}/Target Support Files/Pods-SJProject/Pods-SJProject-frameworks.sh\"\n";
			showEnvVarsInLog = 0;
		};
		9501BD4828B9CB75ADD6F071 /* [CP] Check Pods Manifest.lock */ = {
			isa = PBXShellScriptBuildPhase;
			buildActionMask = 2147483647;
			files = (
			);
			inputFileListPaths = (
			);
			inputPaths = (
				"${PODS_PODFILE_DIR_PATH}/Podfile.lock",
				"${PODS_ROOT}/Manifest.lock",
			);
			name = "[CP] Check Pods Manifest.lock";
			outputFileListPaths = (
			);
			outputPaths = (
				"$(DERIVED_FILE_DIR)/Pods-SJProjectTests-checkManifestLockResult.txt",
			);
			runOnlyForDeploymentPostprocessing = 0;
			shellPath = /bin/sh;
			shellScript = "diff \"${PODS_PODFILE_DIR_PATH}/Podfile.lock\" \"${PODS_ROOT}/Manifest.lock\" > /dev/null\nif [ $? != 0 ] ; then\n    # print error to STDERR\n    echo \"error: The sandbox is not in sync with the Podfile.lock. Run 'pod install' or update your CocoaPods installation.\" >&2\n    exit 1\nfi\n# This output is used by Xcode 'outputs' to avoid re-running this script phase.\necho \"SUCCESS\" > \"${SCRIPT_OUTPUT_FILE_0}\"\n";
			showEnvVarsInLog = 0;
		};
		9527731780B939F9B98AF1A9 /* [CP] Check Pods Manifest.lock */ = {
			isa = PBXShellScriptBuildPhase;
			buildActionMask = 2147483647;
			files = (
			);
			inputFileListPaths = (
			);
			inputPaths = (
				"${PODS_PODFILE_DIR_PATH}/Podfile.lock",
				"${PODS_ROOT}/Manifest.lock",
			);
			name = "[CP] Check Pods Manifest.lock";
			outputFileListPaths = (
			);
			outputPaths = (
				"$(DERIVED_FILE_DIR)/Pods-SJProject-checkManifestLockResult.txt",
			);
			runOnlyForDeploymentPostprocessing = 0;
			shellPath = /bin/sh;
			shellScript = "diff \"${PODS_PODFILE_DIR_PATH}/Podfile.lock\" \"${PODS_ROOT}/Manifest.lock\" > /dev/null\nif [ $? != 0 ] ; then\n    # print error to STDERR\n    echo \"error: The sandbox is not in sync with the Podfile.lock. Run 'pod install' or update your CocoaPods installation.\" >&2\n    exit 1\nfi\n# This output is used by Xcode 'outputs' to avoid re-running this script phase.\necho \"SUCCESS\" > \"${SCRIPT_OUTPUT_FILE_0}\"\n";
			showEnvVarsInLog = 0;
		};
		A1843628061B7387CD741A4F /* [CP] Check Pods Manifest.lock */ = {
			isa = PBXShellScriptBuildPhase;
			buildActionMask = 2147483647;
			files = (
			);
			inputFileListPaths = (
			);
			inputPaths = (
				"${PODS_PODFILE_DIR_PATH}/Podfile.lock",
				"${PODS_ROOT}/Manifest.lock",
			);
			name = "[CP] Check Pods Manifest.lock";
			outputFileListPaths = (
			);
			outputPaths = (
				"$(DERIVED_FILE_DIR)/Pods-SJProject-SJProjectUITests-checkManifestLockResult.txt",
			);
			runOnlyForDeploymentPostprocessing = 0;
			shellPath = /bin/sh;
			shellScript = "diff \"${PODS_PODFILE_DIR_PATH}/Podfile.lock\" \"${PODS_ROOT}/Manifest.lock\" > /dev/null\nif [ $? != 0 ] ; then\n    # print error to STDERR\n    echo \"error: The sandbox is not in sync with the Podfile.lock. Run 'pod install' or update your CocoaPods installation.\" >&2\n    exit 1\nfi\n# This output is used by Xcode 'outputs' to avoid re-running this script phase.\necho \"SUCCESS\" > \"${SCRIPT_OUTPUT_FILE_0}\"\n";
			showEnvVarsInLog = 0;
		};
		D37F32F1CD919292476DC6DC /* [CP] Embed Pods Frameworks */ = {
			isa = PBXShellScriptBuildPhase;
			buildActionMask = 2147483647;
			files = (
			);
			inputFileListPaths = (
				"${PODS_ROOT}/Target Support Files/Pods-SJProject-SJProjectUITests/Pods-SJProject-SJProjectUITests-frameworks-${CONFIGURATION}-input-files.xcfilelist",
			);
			name = "[CP] Embed Pods Frameworks";
			outputFileListPaths = (
				"${PODS_ROOT}/Target Support Files/Pods-SJProject-SJProjectUITests/Pods-SJProject-SJProjectUITests-frameworks-${CONFIGURATION}-output-files.xcfilelist",
			);
			runOnlyForDeploymentPostprocessing = 0;
			shellPath = /bin/sh;
			shellScript = "\"${PODS_ROOT}/Target Support Files/Pods-SJProject-SJProjectUITests/Pods-SJProject-SJProjectUITests-frameworks.sh\"\n";
			showEnvVarsInLog = 0;
		};
/* End PBXShellScriptBuildPhase section */

/* Begin PBXSourcesBuildPhase section */
		23EC36C723C5D4B100185C14 /* Sources */ = {
			isa = PBXSourcesBuildPhase;
			buildActionMask = 2147483647;
			files = (
				23EC36D623C5D4B100185C14 /* ViewController.m in Sources */,
				23EC36D023C5D4B100185C14 /* AppDelegate.m in Sources */,
				23EC36E123C5D4B200185C14 /* main.m in Sources */,
				23EC36D323C5D4B100185C14 /* SceneDelegate.m in Sources */,
			);
			runOnlyForDeploymentPostprocessing = 0;
		};
		23EC36E223C5D4B200185C14 /* Sources */ = {
			isa = PBXSourcesBuildPhase;
			buildActionMask = 2147483647;
			files = (
				23EC36EB23C5D4B200185C14 /* SJProjectTests.m in Sources */,
			);
			runOnlyForDeploymentPostprocessing = 0;
		};
		23EC36ED23C5D4B200185C14 /* Sources */ = {
			isa = PBXSourcesBuildPhase;
			buildActionMask = 2147483647;
			files = (
				23EC36F623C5D4B200185C14 /* SJProjectUITests.m in Sources */,
			);
			runOnlyForDeploymentPostprocessing = 0;
		};
/* End PBXSourcesBuildPhase section */

/* Begin PBXTargetDependency section */
		23EC36E823C5D4B200185C14 /* PBXTargetDependency */ = {
			isa = PBXTargetDependency;
			target = 23EC36CA23C5D4B100185C14 /* SJProject */;
			targetProxy = 23EC36E723C5D4B200185C14 /* PBXContainerItemProxy */;
		};
		23EC36F323C5D4B200185C14 /* PBXTargetDependency */ = {
			isa = PBXTargetDependency;
			target = 23EC36CA23C5D4B100185C14 /* SJProject */;
			targetProxy = 23EC36F223C5D4B200185C14 /* PBXContainerItemProxy */;
		};
/* End PBXTargetDependency section */

/* Begin PBXVariantGroup section */
		23EC36D723C5D4B100185C14 /* Main.storyboard */ = {
			isa = PBXVariantGroup;
			children = (
				23EC36D823C5D4B100185C14 /* Base */,
			);
			name = Main.storyboard;
			sourceTree = "<group>";
		};
		23EC36DC23C5D4B200185C14 /* LaunchScreen.storyboard */ = {
			isa = PBXVariantGroup;
			children = (
				23EC36DD23C5D4B200185C14 /* Base */,
			);
			name = LaunchScreen.storyboard;
			sourceTree = "<group>";
		};
/* End PBXVariantGroup section */

/* Begin XCBuildConfiguration section */
		23B84F0F23C6F88100EA8FB4 /* Bate */ = {
			isa = XCBuildConfiguration;
			buildSettings = {
				ALWAYS_SEARCH_USER_PATHS = NO;
				ASSETCATALOG_COMPILER_APPICON_NAME = AppIconBate;
				CLANG_ANALYZER_NONNULL = YES;
				CLANG_ANALYZER_NUMBER_OBJECT_CONVERSION = YES_AGGRESSIVE;
				CLANG_CXX_LANGUAGE_STANDARD = "gnu++14";
				CLANG_CXX_LIBRARY = "libc++";
				CLANG_ENABLE_MODULES = YES;
				CLANG_ENABLE_OBJC_ARC = YES;
				CLANG_ENABLE_OBJC_WEAK = YES;
				CLANG_WARN_BLOCK_CAPTURE_AUTORELEASING = YES;
				CLANG_WARN_BOOL_CONVERSION = YES;
				CLANG_WARN_COMMA = YES;
				CLANG_WARN_CONSTANT_CONVERSION = YES;
				CLANG_WARN_DEPRECATED_OBJC_IMPLEMENTATIONS = YES;
				CLANG_WARN_DIRECT_OBJC_ISA_USAGE = YES_ERROR;
				CLANG_WARN_DOCUMENTATION_COMMENTS = YES;
				CLANG_WARN_EMPTY_BODY = YES;
				CLANG_WARN_ENUM_CONVERSION = YES;
				CLANG_WARN_INFINITE_RECURSION = YES;
				CLANG_WARN_INT_CONVERSION = YES;
				CLANG_WARN_NON_LITERAL_NULL_CONVERSION = YES;
				CLANG_WARN_OBJC_IMPLICIT_RETAIN_SELF = YES;
				CLANG_WARN_OBJC_LITERAL_CONVERSION = YES;
				CLANG_WARN_OBJC_ROOT_CLASS = YES_ERROR;
				CLANG_WARN_RANGE_LOOP_ANALYSIS = YES;
				CLANG_WARN_STRICT_PROTOTYPES = YES;
				CLANG_WARN_SUSPICIOUS_MOVE = YES;
				CLANG_WARN_UNGUARDED_AVAILABILITY = YES_AGGRESSIVE;
				CLANG_WARN_UNREACHABLE_CODE = YES;
				CLANG_WARN__DUPLICATE_METHOD_MATCH = YES;
				COPY_PHASE_STRIP = NO;
				CustomAppBundleld = SJProjectBate_Bate;
				CustomProductName = SJProjectBate_Bate;
				DEBUG_INFORMATION_FORMAT = dwarf;
				ENABLE_STRICT_OBJC_MSGSEND = YES;
				ENABLE_TESTABILITY = YES;
				GCC_C_LANGUAGE_STANDARD = gnu11;
				GCC_DYNAMIC_NO_PIC = NO;
				GCC_NO_COMMON_BLOCKS = YES;
				GCC_OPTIMIZATION_LEVEL = 0;
				GCC_PREPROCESSOR_DEFINITIONS = (
					"DEBUG=1",
					"$(inherited)",
				);
				GCC_WARN_64_TO_32_BIT_CONVERSION = YES;
				GCC_WARN_ABOUT_RETURN_TYPE = YES_ERROR;
				GCC_WARN_UNDECLARED_SELECTOR = YES;
				GCC_WARN_UNINITIALIZED_AUTOS = YES_AGGRESSIVE;
				GCC_WARN_UNUSED_FUNCTION = YES;
				GCC_WARN_UNUSED_VARIABLE = YES;
				IPHONEOS_DEPLOYMENT_TARGET = 13.2;
				MTL_ENABLE_DEBUG_INFO = INCLUDE_SOURCE;
				MTL_FAST_MATH = YES;
				ONLY_ACTIVE_ARCH = YES;
				SDKROOT = iphoneos;
			};
			name = Bate;
		};
		23B84F1023C6F88100EA8FB4 /* Bate */ = {
			isa = XCBuildConfiguration;
			baseConfigurationReference = 0CC44367302482386EE0F7BB /* Pods-SJProject.bate.xcconfig */;
			buildSettings = {
				ASSETCATALOG_COMPILER_APPICON_NAME = AppIcon;
				CODE_SIGN_STYLE = Automatic;
				INFOPLIST_FILE = SJProject/Info.plist;
				LD_RUNPATH_SEARCH_PATHS = (
					"$(inherited)",
					"@executable_path/Frameworks",
				);
				PRODUCT_BUNDLE_IDENTIFIER = com.kugou.net.SJProject;
				PRODUCT_NAME = "$(TARGET_NAME)";
				TARGETED_DEVICE_FAMILY = "1,2";
			};
			name = Bate;
		};
		23B84F1123C6F88100EA8FB4 /* Bate */ = {
			isa = XCBuildConfiguration;
			baseConfigurationReference = C68CEC15D42496B910ADEC36 /* Pods-SJProjectTests.bate.xcconfig */;
			buildSettings = {
				BUNDLE_LOADER = "$(TEST_HOST)";
				CODE_SIGN_STYLE = Automatic;
				INFOPLIST_FILE = SJProjectTests/Info.plist;
				IPHONEOS_DEPLOYMENT_TARGET = 13.2;
				LD_RUNPATH_SEARCH_PATHS = (
					"$(inherited)",
					"@executable_path/Frameworks",
					"@loader_path/Frameworks",
				);
				PRODUCT_BUNDLE_IDENTIFIER = com.kugou.net.SJProjectTests;
				PRODUCT_NAME = "$(TARGET_NAME)";
				TARGETED_DEVICE_FAMILY = "1,2";
				TEST_HOST = "$(BUILT_PRODUCTS_DIR)/SJProject.app/SJProject";
			};
			name = Bate;
		};
		23B84F1223C6F88100EA8FB4 /* Bate */ = {
			isa = XCBuildConfiguration;
			baseConfigurationReference = 8B6BF1540F07C54A5130FF98 /* Pods-SJProject-SJProjectUITests.bate.xcconfig */;
			buildSettings = {
				CODE_SIGN_STYLE = Automatic;
				INFOPLIST_FILE = SJProjectUITests/Info.plist;
				LD_RUNPATH_SEARCH_PATHS = (
					"$(inherited)",
					"@executable_path/Frameworks",
					"@loader_path/Frameworks",
				);
				PRODUCT_BUNDLE_IDENTIFIER = com.kugou.net.SJProjectUITests;
				PRODUCT_NAME = "$(TARGET_NAME)";
				TARGETED_DEVICE_FAMILY = "1,2";
				TEST_TARGET_NAME = SJProject;
			};
			name = Bate;
		};
		23EC36F823C5D4B200185C14 /* Debug */ = {
			isa = XCBuildConfiguration;
			buildSettings = {
				ALWAYS_SEARCH_USER_PATHS = NO;
				ASSETCATALOG_COMPILER_APPICON_NAME = AppIconDebug;
				CLANG_ANALYZER_NONNULL = YES;
				CLANG_ANALYZER_NUMBER_OBJECT_CONVERSION = YES_AGGRESSIVE;
				CLANG_CXX_LANGUAGE_STANDARD = "gnu++14";
				CLANG_CXX_LIBRARY = "libc++";
				CLANG_ENABLE_MODULES = YES;
				CLANG_ENABLE_OBJC_ARC = YES;
				CLANG_ENABLE_OBJC_WEAK = YES;
				CLANG_WARN_BLOCK_CAPTURE_AUTORELEASING = YES;
				CLANG_WARN_BOOL_CONVERSION = YES;
				CLANG_WARN_COMMA = YES;
				CLANG_WARN_CONSTANT_CONVERSION = YES;
				CLANG_WARN_DEPRECATED_OBJC_IMPLEMENTATIONS = YES;
				CLANG_WARN_DIRECT_OBJC_ISA_USAGE = YES_ERROR;
				CLANG_WARN_DOCUMENTATION_COMMENTS = YES;
				CLANG_WARN_EMPTY_BODY = YES;
				CLANG_WARN_ENUM_CONVERSION = YES;
				CLANG_WARN_INFINITE_RECURSION = YES;
				CLANG_WARN_INT_CONVERSION = YES;
				CLANG_WARN_NON_LITERAL_NULL_CONVERSION = YES;
				CLANG_WARN_OBJC_IMPLICIT_RETAIN_SELF = YES;
				CLANG_WARN_OBJC_LITERAL_CONVERSION = YES;
				CLANG_WARN_OBJC_ROOT_CLASS = YES_ERROR;
				CLANG_WARN_RANGE_LOOP_ANALYSIS = YES;
				CLANG_WARN_STRICT_PROTOTYPES = YES;
				CLANG_WARN_SUSPICIOUS_MOVE = YES;
				CLANG_WARN_UNGUARDED_AVAILABILITY = YES_AGGRESSIVE;
				CLANG_WARN_UNREACHABLE_CODE = YES;
				CLANG_WARN__DUPLICATE_METHOD_MATCH = YES;
				COPY_PHASE_STRIP = NO;
				CustomAppBundleld = SJProjectBate_Debug;
				CustomProductName = SJProjectBate_Debug;
				DEBUG_INFORMATION_FORMAT = dwarf;
				ENABLE_STRICT_OBJC_MSGSEND = YES;
				ENABLE_TESTABILITY = YES;
				GCC_C_LANGUAGE_STANDARD = gnu11;
				GCC_DYNAMIC_NO_PIC = NO;
				GCC_NO_COMMON_BLOCKS = YES;
				GCC_OPTIMIZATION_LEVEL = 0;
				GCC_PREPROCESSOR_DEFINITIONS = (
					"DEBUG=1",
					"$(inherited)",
				);
				GCC_WARN_64_TO_32_BIT_CONVERSION = YES;
				GCC_WARN_ABOUT_RETURN_TYPE = YES_ERROR;
				GCC_WARN_UNDECLARED_SELECTOR = YES;
				GCC_WARN_UNINITIALIZED_AUTOS = YES_AGGRESSIVE;
				GCC_WARN_UNUSED_FUNCTION = YES;
				GCC_WARN_UNUSED_VARIABLE = YES;
				IPHONEOS_DEPLOYMENT_TARGET = 13.2;
				MTL_ENABLE_DEBUG_INFO = INCLUDE_SOURCE;
				MTL_FAST_MATH = YES;
				ONLY_ACTIVE_ARCH = YES;
				SDKROOT = iphoneos;
			};
			name = Debug;
		};
		23EC36F923C5D4B200185C14 /* Release */ = {
			isa = XCBuildConfiguration;
			buildSettings = {
				ALWAYS_SEARCH_USER_PATHS = NO;
				ASSETCATALOG_COMPILER_APPICON_NAME = AppIconRelease;
				CLANG_ANALYZER_NONNULL = YES;
				CLANG_ANALYZER_NUMBER_OBJECT_CONVERSION = YES_AGGRESSIVE;
				CLANG_CXX_LANGUAGE_STANDARD = "gnu++14";
				CLANG_CXX_LIBRARY = "libc++";
				CLANG_ENABLE_MODULES = YES;
				CLANG_ENABLE_OBJC_ARC = YES;
				CLANG_ENABLE_OBJC_WEAK = YES;
				CLANG_WARN_BLOCK_CAPTURE_AUTORELEASING = YES;
				CLANG_WARN_BOOL_CONVERSION = YES;
				CLANG_WARN_COMMA = YES;
				CLANG_WARN_CONSTANT_CONVERSION = YES;
				CLANG_WARN_DEPRECATED_OBJC_IMPLEMENTATIONS = YES;
				CLANG_WARN_DIRECT_OBJC_ISA_USAGE = YES_ERROR;
				CLANG_WARN_DOCUMENTATION_COMMENTS = YES;
				CLANG_WARN_EMPTY_BODY = YES;
				CLANG_WARN_ENUM_CONVERSION = YES;
				CLANG_WARN_INFINITE_RECURSION = YES;
				CLANG_WARN_INT_CONVERSION = YES;
				CLANG_WARN_NON_LITERAL_NULL_CONVERSION = YES;
				CLANG_WARN_OBJC_IMPLICIT_RETAIN_SELF = YES;
				CLANG_WARN_OBJC_LITERAL_CONVERSION = YES;
				CLANG_WARN_OBJC_ROOT_CLASS = YES_ERROR;
				CLANG_WARN_RANGE_LOOP_ANALYSIS = YES;
				CLANG_WARN_STRICT_PROTOTYPES = YES;
				CLANG_WARN_SUSPICIOUS_MOVE = YES;
				CLANG_WARN_UNGUARDED_AVAILABILITY = YES_AGGRESSIVE;
				CLANG_WARN_UNREACHABLE_CODE = YES;
				CLANG_WARN__DUPLICATE_METHOD_MATCH = YES;
				COPY_PHASE_STRIP = NO;
				CustomAppBundleld = SJProjectBate_Release;
				CustomProductName = SJProjectBate_Release;
				DEBUG_INFORMATION_FORMAT = "dwarf-with-dsym";
				ENABLE_NS_ASSERTIONS = NO;
				ENABLE_STRICT_OBJC_MSGSEND = YES;
				GCC_C_LANGUAGE_STANDARD = gnu11;
				GCC_NO_COMMON_BLOCKS = YES;
				GCC_WARN_64_TO_32_BIT_CONVERSION = YES;
				GCC_WARN_ABOUT_RETURN_TYPE = YES_ERROR;
				GCC_WARN_UNDECLARED_SELECTOR = YES;
				GCC_WARN_UNINITIALIZED_AUTOS = YES_AGGRESSIVE;
				GCC_WARN_UNUSED_FUNCTION = YES;
				GCC_WARN_UNUSED_VARIABLE = YES;
				IPHONEOS_DEPLOYMENT_TARGET = 13.2;
				MTL_ENABLE_DEBUG_INFO = NO;
				MTL_FAST_MATH = YES;
				SDKROOT = iphoneos;
				VALIDATE_PRODUCT = YES;
			};
			name = Release;
		};
		23EC36FB23C5D4B200185C14 /* Debug */ = {
			isa = XCBuildConfiguration;
			baseConfigurationReference = 7520EE39B376F1917B9AB6C3 /* Pods-SJProject.debug.xcconfig */;
			buildSettings = {
				ASSETCATALOG_COMPILER_APPICON_NAME = AppIcon;
				CODE_SIGN_STYLE = Automatic;
				INFOPLIST_FILE = SJProject/Info.plist;
				LD_RUNPATH_SEARCH_PATHS = (
					"$(inherited)",
					"@executable_path/Frameworks",
				);
				PRODUCT_BUNDLE_IDENTIFIER = com.kugou.net.SJProject;
				PRODUCT_NAME = "$(TARGET_NAME)";
				TARGETED_DEVICE_FAMILY = "1,2";
			};
			name = Debug;
		};
		23EC36FC23C5D4B200185C14 /* Release */ = {
			isa = XCBuildConfiguration;
			baseConfigurationReference = 48D30D05C5271483BF218460 /* Pods-SJProject.release.xcconfig */;
			buildSettings = {
				ASSETCATALOG_COMPILER_APPICON_NAME = AppIcon;
				CODE_SIGN_STYLE = Automatic;
				INFOPLIST_FILE = SJProject/Info.plist;
				LD_RUNPATH_SEARCH_PATHS = (
					"$(inherited)",
					"@executable_path/Frameworks",
				);
				PRODUCT_BUNDLE_IDENTIFIER = com.kugou.net.SJProject;
				PRODUCT_NAME = "$(TARGET_NAME)";
				TARGETED_DEVICE_FAMILY = "1,2";
			};
			name = Release;
		};
		23EC36FE23C5D4B200185C14 /* Debug */ = {
			isa = XCBuildConfiguration;
			baseConfigurationReference = FBA0C1443D7EEC6E4A4F86E1 /* Pods-SJProjectTests.debug.xcconfig */;
			buildSettings = {
				BUNDLE_LOADER = "$(TEST_HOST)";
				CODE_SIGN_STYLE = Automatic;
				INFOPLIST_FILE = SJProjectTests/Info.plist;
				IPHONEOS_DEPLOYMENT_TARGET = 13.2;
				LD_RUNPATH_SEARCH_PATHS = (
					"$(inherited)",
					"@executable_path/Frameworks",
					"@loader_path/Frameworks",
				);
				PRODUCT_BUNDLE_IDENTIFIER = com.kugou.net.SJProjectTests;
				PRODUCT_NAME = "$(TARGET_NAME)";
				TARGETED_DEVICE_FAMILY = "1,2";
				TEST_HOST = "$(BUILT_PRODUCTS_DIR)/SJProject.app/SJProject";
			};
			name = Debug;
		};
		23EC36FF23C5D4B200185C14 /* Release */ = {
			isa = XCBuildConfiguration;
			baseConfigurationReference = EAED69A8AA1DEA6C774F79E0 /* Pods-SJProjectTests.release.xcconfig */;
			buildSettings = {
				BUNDLE_LOADER = "$(TEST_HOST)";
				CODE_SIGN_STYLE = Automatic;
				INFOPLIST_FILE = SJProjectTests/Info.plist;
				IPHONEOS_DEPLOYMENT_TARGET = 13.2;
				LD_RUNPATH_SEARCH_PATHS = (
					"$(inherited)",
					"@executable_path/Frameworks",
					"@loader_path/Frameworks",
				);
				PRODUCT_BUNDLE_IDENTIFIER = com.kugou.net.SJProjectTests;
				PRODUCT_NAME = "$(TARGET_NAME)";
				TARGETED_DEVICE_FAMILY = "1,2";
				TEST_HOST = "$(BUILT_PRODUCTS_DIR)/SJProject.app/SJProject";
			};
			name = Release;
		};
		23EC370123C5D4B200185C14 /* Debug */ = {
			isa = XCBuildConfiguration;
			baseConfigurationReference = BCD571109B4FB6A824363084 /* Pods-SJProject-SJProjectUITests.debug.xcconfig */;
			buildSettings = {
				CODE_SIGN_STYLE = Automatic;
				INFOPLIST_FILE = SJProjectUITests/Info.plist;
				LD_RUNPATH_SEARCH_PATHS = (
					"$(inherited)",
					"@executable_path/Frameworks",
					"@loader_path/Frameworks",
				);
				PRODUCT_BUNDLE_IDENTIFIER = com.kugou.net.SJProjectUITests;
				PRODUCT_NAME = "$(TARGET_NAME)";
				TARGETED_DEVICE_FAMILY = "1,2";
				TEST_TARGET_NAME = SJProject;
			};
			name = Debug;
		};
		23EC370223C5D4B200185C14 /* Release */ = {
			isa = XCBuildConfiguration;
			baseConfigurationReference = 13BE7294CCA1926F5A9B734D /* Pods-SJProject-SJProjectUITests.release.xcconfig */;
			buildSettings = {
				CODE_SIGN_STYLE = Automatic;
				INFOPLIST_FILE = SJProjectUITests/Info.plist;
				LD_RUNPATH_SEARCH_PATHS = (
					"$(inherited)",
					"@executable_path/Frameworks",
					"@loader_path/Frameworks",
				);
				PRODUCT_BUNDLE_IDENTIFIER = com.kugou.net.SJProjectUITests;
				PRODUCT_NAME = "$(TARGET_NAME)";
				TARGETED_DEVICE_FAMILY = "1,2";
				TEST_TARGET_NAME = SJProject;
			};
			name = Release;
		};
/* End XCBuildConfiguration section */

/* Begin XCConfigurationList section */
		23EC36C623C5D4B100185C14 /* Build configuration list for PBXProject "SJProject" */ = {
			isa = XCConfigurationList;
			buildConfigurations = (
				23EC36F823C5D4B200185C14 /* Debug */,
				23B84F0F23C6F88100EA8FB4 /* Bate */,
				23EC36F923C5D4B200185C14 /* Release */,
			);
			defaultConfigurationIsVisible = 0;
			defaultConfigurationName = Release;
		};
		23EC36FA23C5D4B200185C14 /* Build configuration list for PBXNativeTarget "SJProject" */ = {
			isa = XCConfigurationList;
			buildConfigurations = (
				23EC36FB23C5D4B200185C14 /* Debug */,
				23B84F1023C6F88100EA8FB4 /* Bate */,
				23EC36FC23C5D4B200185C14 /* Release */,
			);
			defaultConfigurationIsVisible = 0;
			defaultConfigurationName = Release;
		};
		23EC36FD23C5D4B200185C14 /* Build configuration list for PBXNativeTarget "SJProjectTests" */ = {
			isa = XCConfigurationList;
			buildConfigurations = (
				23EC36FE23C5D4B200185C14 /* Debug */,
				23B84F1123C6F88100EA8FB4 /* Bate */,
				23EC36FF23C5D4B200185C14 /* Release */,
			);
			defaultConfigurationIsVisible = 0;
			defaultConfigurationName = Release;
		};
		23EC370023C5D4B200185C14 /* Build configuration list for PBXNativeTarget "SJProjectUITests" */ = {
			isa = XCConfigurationList;
			buildConfigurations = (
				23EC370123C5D4B200185C14 /* Debug */,
				23B84F1223C6F88100EA8FB4 /* Bate */,
				23EC370223C5D4B200185C14 /* Release */,
			);
			defaultConfigurationIsVisible = 0;
			defaultConfigurationName = Release;
		};
/* End XCConfigurationList section */
	};
	rootObject = 23EC36C323C5D4B100185C14 /* Project object */;
}
